
Microsoft Visual Studio Solution File, Format Version 12.00
# Visual Studio Version 17
VisualStudioVersion = 17.11.35327.3
MinimumVisualStudioVersion = 10.0.40219.1
Project("{FAE04EC0-301F-11D3-BF4B-00C04F79EFBC}") = "excersice-streams", "excersice-streams\excersice-streams.csproj", "{58B1F4A0-C660-4388-8B70-0393331F3F93}"
EndProject
Global
	GlobalSection(SolutionConfigurationPlatforms) = preSolution
		Debug|Any CPU = Debug|Any CPU
		Release|Any CPU = Release|Any CPU
	EndGlobalSection
	GlobalSection(ProjectConfigurationPlatforms) = postSolution
		{58B1F4A0-C660-4388-8B70-0393331F3F93}.Debug|Any CPU.ActiveCfg = Debug|Any CPU
		{58B1F4A0-C660-4388-8B70-0393331F3F93}.Debug|Any CPU.Build.0 = Debug|Any CPU
		{58B1F4A0-C660-4388-8B70-0393331F3F93}.Release|Any CPU.ActiveCfg = Release|Any CPU
		{58B1F4A0-C660-4388-8B70-0393331F3F93}.Release|Any CPU.Build.0 = Release|Any CPU
	EndGlobalSection
	GlobalSection(SolutionProperties) = preSolution
		HideSolutionNode = FALSE
	EndGlobalSection
	GlobalSection(ExtensibilityGlobals) = postSolution
		SolutionGuid = {6758F188-3384-4A4A-A434-AD97B1487721}
	EndGlobalSection
EndGlobal
