
Microsoft Visual Studio Solution File, Format Version 12.00
# Visual Studio Version 17
VisualStudioVersion = 17.14.36518.9 d17.14
MinimumVisualStudioVersion = 10.0.40219.1
Project("{FAE04EC0-301F-11D3-BF4B-00C04F79EFBC}") = "MoviesData", "MoviesData\MoviesData.csproj", "{DA48A047-4A6C-41D6-A3E6-B1BECA11A76F}"
EndProject
Project("{FAE04EC0-301F-11D3-BF4B-00C04F79EFBC}") = "MoviesWebApp", "..\MoviesWebApp\MoviesWebApp.csproj", "{D9470337-5239-40A4-A6E0-EE95A5ADB529}"
EndProject
Global
	GlobalSection(SolutionConfigurationPlatforms) = preSolution
		Debug|Any CPU = Debug|Any CPU
		Release|Any CPU = Release|Any CPU
	EndGlobalSection
	GlobalSection(ProjectConfigurationPlatforms) = postSolution
		{DA48A047-4A6C-41D6-A3E6-B1BECA11A76F}.Debug|Any CPU.ActiveCfg = Debug|Any CPU
		{DA48A047-4A6C-41D6-A3E6-B1BECA11A76F}.Debug|Any CPU.Build.0 = Debug|Any CPU
		{DA48A047-4A6C-41D6-A3E6-B1BECA11A76F}.Release|Any CPU.ActiveCfg = Release|Any CPU
		{DA48A047-4A6C-41D6-A3E6-B1BECA11A76F}.Release|Any CPU.Build.0 = Release|Any CPU
		{D9470337-5239-40A4-A6E0-EE95A5ADB529}.Debug|Any CPU.ActiveCfg = Debug|Any CPU
		{D9470337-5239-40A4-A6E0-EE95A5ADB529}.Debug|Any CPU.Build.0 = Debug|Any CPU
		{D9470337-5239-40A4-A6E0-EE95A5ADB529}.Release|Any CPU.ActiveCfg = Release|Any CPU
		{D9470337-5239-40A4-A6E0-EE95A5ADB529}.Release|Any CPU.Build.0 = Release|Any CPU
	EndGlobalSection
	GlobalSection(SolutionProperties) = preSolution
		HideSolutionNode = FALSE
	EndGlobalSection
	GlobalSection(ExtensibilityGlobals) = postSolution
		SolutionGuid = {122DC64F-1657-4693-A717-2D53A72FECEE}
	EndGlobalSection
EndGlobal
